
Microsoft Visual Studio Solution File, Format Version 12.00
# Visual Studio Version 16
VisualStudioVersion = 16.0.29926.136
MinimumVisualStudioVersion = 15.0.26124.0
Project("{FAE04EC0-301F-11D3-BF4B-00C04F79EFBC}") = "WarehouseLibrary", "WarehouseLibrary\WarehouseLibrary.csproj", "{98EC796D-BEA3-4413-AB48-91B409806FC1}"
EndProject
Project("{FAE04EC0-301F-11D3-BF4B-00C04F79EFBC}") = "WarehouseTests", "WarehouseTests\WarehouseTests.csproj", "{07382099-8277-4E0D-9B33-C70B148B7649}"
EndProject
Global
	GlobalSection(SolutionConfigurationPlatforms) = preSolution
		Debug|Any CPU = Debug|Any CPU
		Debug|x64 = Debug|x64
		Debug|x86 = Debug|x86
		Release|Any CPU = Release|Any CPU
		Release|x64 = Release|x64
		Release|x86 = Release|x86
	EndGlobalSection
	GlobalSection(ProjectConfigurationPlatforms) = postSolution
		{98EC796D-BEA3-4413-AB48-91B409806FC1}.Debug|Any CPU.ActiveCfg = Debug|Any CPU
		{98EC796D-BEA3-4413-AB48-91B409806FC1}.Debug|Any CPU.Build.0 = Debug|Any CPU
		{98EC796D-BEA3-4413-AB48-91B409806FC1}.Debug|x64.ActiveCfg = Debug|Any CPU
		{98EC796D-BEA3-4413-AB48-91B409806FC1}.Debug|x64.Build.0 = Debug|Any CPU
		{98EC796D-BEA3-4413-AB48-91B409806FC1}.Debug|x86.ActiveCfg = Debug|Any CPU
		{98EC796D-BEA3-4413-AB48-91B409806FC1}.Debug|x86.Build.0 = Debug|Any CPU
		{98EC796D-BEA3-4413-AB48-91B409806FC1}.Release|Any CPU.ActiveCfg = Release|Any CPU
		{98EC796D-BEA3-4413-AB48-91B409806FC1}.Release|Any CPU.Build.0 = Release|Any CPU
		{98EC796D-BEA3-4413-AB48-91B409806FC1}.Release|x64.ActiveCfg = Release|Any CPU
		{98EC796D-BEA3-4413-AB48-91B409806FC1}.Release|x64.Build.0 = Release|Any CPU
		{98EC796D-BEA3-4413-AB48-91B409806FC1}.Release|x86.ActiveCfg = Release|Any CPU
		{98EC796D-BEA3-4413-AB48-91B409806FC1}.Release|x86.Build.0 = Release|Any CPU
		{07382099-8277-4E0D-9B33-C70B148B7649}.Debug|Any CPU.ActiveCfg = Debug|Any CPU
		{07382099-8277-4E0D-9B33-C70B148B7649}.Debug|Any CPU.Build.0 = Debug|Any CPU
		{07382099-8277-4E0D-9B33-C70B148B7649}.Debug|x64.ActiveCfg = Debug|Any CPU
		{07382099-8277-4E0D-9B33-C70B148B7649}.Debug|x64.Build.0 = Debug|Any CPU
		{07382099-8277-4E0D-9B33-C70B148B7649}.Debug|x86.ActiveCfg = Debug|Any CPU
		{07382099-8277-4E0D-9B33-C70B148B7649}.Debug|x86.Build.0 = Debug|Any CPU
		{07382099-8277-4E0D-9B33-C70B148B7649}.Release|Any CPU.ActiveCfg = Release|Any CPU
		{07382099-8277-4E0D-9B33-C70B148B7649}.Release|Any CPU.Build.0 = Release|Any CPU
		{07382099-8277-4E0D-9B33-C70B148B7649}.Release|x64.ActiveCfg = Release|Any CPU
		{07382099-8277-4E0D-9B33-C70B148B7649}.Release|x64.Build.0 = Release|Any CPU
		{07382099-8277-4E0D-9B33-C70B148B7649}.Release|x86.ActiveCfg = Release|Any CPU
		{07382099-8277-4E0D-9B33-C70B148B7649}.Release|x86.Build.0 = Release|Any CPU
	EndGlobalSection
	GlobalSection(SolutionProperties) = preSolution
		HideSolutionNode = FALSE
	EndGlobalSection
	GlobalSection(ExtensibilityGlobals) = postSolution
		SolutionGuid = {7874989F-3B8E-4761-9933-BC490814CFA1}
	EndGlobalSection
EndGlobal
